
Microsoft Visual Studio Solution File, Format Version 12.00
# Visual Studio Version 16
VisualStudioVersion = 25.0.1706.0
MinimumVisualStudioVersion = 10.0.40219.1
Project("{2150E333-8FDC-42A3-9474-1A3956D46DE8}") = "DAL", "DAL", "{680C9C02-8FE5-4AFF-A2FC-277B9A813ED3}"
EndProject
Project("{FAE04EC0-301F-11D3-BF4B-00C04F79EFBC}") = "VoteApp.DAL", "VoteApp.DAL\VoteApp.DAL.csproj", "{B7143F50-2962-462D-A06C-8C848E3B20C6}"
EndProject
Project("{2150E333-8FDC-42A3-9474-1A3956D46DE8}") = "ViewModels", "ViewModels", "{ED2B59B2-7056-41EE-92A1-C7A1BFD6C864}"
EndProject
Project("{FAE04EC0-301F-11D3-BF4B-00C04F79EFBC}") = "VoteApp.ViewModels", "VoteApp.ViewModels\VoteApp.ViewModels.csproj", "{DFEACC4A-C6F3-4A8F-B4C2-67F1E0BE3708}"
EndProject
Project("{2150E333-8FDC-42A3-9474-1A3956D46DE8}") = "BLL", "BLL", "{9F177F67-4BD7-4C4F-AA46-C1F52567A19C}"
EndProject
Project("{FAE04EC0-301F-11D3-BF4B-00C04F79EFBC}") = "VoteApp.BLL", "VoteApp.BLL\VoteApp.BLL.csproj", "{77C34672-0969-4306-AE2E-A5C6AF85757D}"
EndProject
Project("{FAE04EC0-301F-11D3-BF4B-00C04F79EFBC}") = "VoteApp", "VoteApp\VoteApp.csproj", "{F127825E-F30E-4E52-8052-DA06887F96C7}"
EndProject
Global
	GlobalSection(SolutionConfigurationPlatforms) = preSolution
		Debug|Any CPU = Debug|Any CPU
		Release|Any CPU = Release|Any CPU
	EndGlobalSection
	GlobalSection(ProjectConfigurationPlatforms) = postSolution
		{B7143F50-2962-462D-A06C-8C848E3B20C6}.Debug|Any CPU.ActiveCfg = Debug|Any CPU
		{B7143F50-2962-462D-A06C-8C848E3B20C6}.Debug|Any CPU.Build.0 = Debug|Any CPU
		{B7143F50-2962-462D-A06C-8C848E3B20C6}.Release|Any CPU.ActiveCfg = Release|Any CPU
		{B7143F50-2962-462D-A06C-8C848E3B20C6}.Release|Any CPU.Build.0 = Release|Any CPU
		{DFEACC4A-C6F3-4A8F-B4C2-67F1E0BE3708}.Debug|Any CPU.ActiveCfg = Debug|Any CPU
		{DFEACC4A-C6F3-4A8F-B4C2-67F1E0BE3708}.Debug|Any CPU.Build.0 = Debug|Any CPU
		{DFEACC4A-C6F3-4A8F-B4C2-67F1E0BE3708}.Release|Any CPU.ActiveCfg = Release|Any CPU
		{DFEACC4A-C6F3-4A8F-B4C2-67F1E0BE3708}.Release|Any CPU.Build.0 = Release|Any CPU
		{77C34672-0969-4306-AE2E-A5C6AF85757D}.Debug|Any CPU.ActiveCfg = Debug|Any CPU
		{77C34672-0969-4306-AE2E-A5C6AF85757D}.Debug|Any CPU.Build.0 = Debug|Any CPU
		{77C34672-0969-4306-AE2E-A5C6AF85757D}.Release|Any CPU.ActiveCfg = Release|Any CPU
		{77C34672-0969-4306-AE2E-A5C6AF85757D}.Release|Any CPU.Build.0 = Release|Any CPU
		{F127825E-F30E-4E52-8052-DA06887F96C7}.Debug|Any CPU.ActiveCfg = Debug|Any CPU
		{F127825E-F30E-4E52-8052-DA06887F96C7}.Debug|Any CPU.Build.0 = Debug|Any CPU
		{F127825E-F30E-4E52-8052-DA06887F96C7}.Release|Any CPU.ActiveCfg = Release|Any CPU
		{F127825E-F30E-4E52-8052-DA06887F96C7}.Release|Any CPU.Build.0 = Release|Any CPU
	EndGlobalSection
	GlobalSection(SolutionProperties) = preSolution
		HideSolutionNode = FALSE
	EndGlobalSection
	GlobalSection(ExtensibilityGlobals) = postSolution
		SolutionGuid = {00F238FE-E3E9-49B1-A045-5AC37BE2398E}
	EndGlobalSection
	GlobalSection(NestedProjects) = preSolution
		{B7143F50-2962-462D-A06C-8C848E3B20C6} = {680C9C02-8FE5-4AFF-A2FC-277B9A813ED3}
		{DFEACC4A-C6F3-4A8F-B4C2-67F1E0BE3708} = {ED2B59B2-7056-41EE-92A1-C7A1BFD6C864}
		{77C34672-0969-4306-AE2E-A5C6AF85757D} = {9F177F67-4BD7-4C4F-AA46-C1F52567A19C}
	EndGlobalSection
EndGlobal
